# This file was autogenerated by Stack.
# You should not edit this file by hand.
# For more information, please see the documentation at:
#   https://docs.haskellstack.org/en/stable/lock_files

packages:
- completed:
    hackage: tasty-1.4.0.3@sha256:b5099911a8dc8cbbcbc8d1edfb6939aca230f2fd1fb6705d3136933c82ea10d4,2681
    pantry-tree:
      sha256: 0dc9b329691d8dc8e0e0e53d64cd0bd3f7513f8810414c66c7d4580c87ccc679
      size: 1873
  original:
    hackage: tasty-1.4.0.3
- completed:
    hackage: tasty-html-0.4.1.4@sha256:999fe62f1d921dd9a841e30416c5c61dd7222a6ad6d0837d7820ee70d0f3a974,1257
    pantry-tree:
      sha256: db4cb60b6e0185a0cea3586170c2a84a6574ecbb65469c6acb4a37fcf8b80545
      size: 609
  original:
    hackage: tasty-html-0.4.1.4
snapshots:
- completed:
    sha256: e93a85871577ea3423d5f3454b2b6bd37c2c2123c79faf511dfb64f5b49a9f8b
    size: 563100
    url: https://raw.githubusercontent.com/commercialhaskell/stackage-snapshots/master/lts/17/0.yaml
  original: lts-17.0
